
Microsoft Visual Studio Solution File, Format Version 12.00
# Visual Studio 15
VisualStudioVersion = 15.0.28010.2041
MinimumVisualStudioVersion = 10.0.40219.1
Project("{FAE04EC0-301F-11D3-BF4B-00C04F79EFBC}") = "Ejercicio 2", "Ejercicio 2\Ejercicio 2.csproj", "{F68BD756-136A-42FB-8FDE-5FB181DB0824}"
EndProject
Global
	GlobalSection(SolutionConfigurationPlatforms) = preSolution
		Debug|Any CPU = Debug|Any CPU
		Release|Any CPU = Release|Any CPU
	EndGlobalSection
	GlobalSection(ProjectConfigurationPlatforms) = postSolution
		{F68BD756-136A-42FB-8FDE-5FB181DB0824}.Debug|Any CPU.ActiveCfg = Debug|Any CPU
		{F68BD756-136A-42FB-8FDE-5FB181DB0824}.Debug|Any CPU.Build.0 = Debug|Any CPU
		{F68BD756-136A-42FB-8FDE-5FB181DB0824}.Release|Any CPU.ActiveCfg = Release|Any CPU
		{F68BD756-136A-42FB-8FDE-5FB181DB0824}.Release|Any CPU.Build.0 = Release|Any CPU
	EndGlobalSection
	GlobalSection(SolutionProperties) = preSolution
		HideSolutionNode = FALSE
	EndGlobalSection
	GlobalSection(ExtensibilityGlobals) = postSolution
		SolutionGuid = {C1530005-C449-4567-B285-9334F7844E4D}
	EndGlobalSection
EndGlobal
